Microsoft Visual Studio Solution File, Format Version 12.00
# Visual Studio 2012
Project("{FAE04EC0-301F-11D3-BF4B-00C04F79EFBC}") = "how_to_drive_simulator", "how_to_drive_simulator.csproj", "{17E10477-E3A2-44D9-A5FF-5B863A7BB136}"
EndProject
Global
	GlobalSection(SolutionConfigurationPlatforms) = preSolution
	Debug|Any CPU = Debug|Any CPU
	ExportDebug|Any CPU = ExportDebug|Any CPU
	ExportRelease|Any CPU = ExportRelease|Any CPU
	EndGlobalSection
	GlobalSection(ProjectConfigurationPlatforms) = postSolution
		{17E10477-E3A2-44D9-A5FF-5B863A7BB136}.Debug|Any CPU.ActiveCfg = Debug|Any CPU
		{17E10477-E3A2-44D9-A5FF-5B863A7BB136}.Debug|Any CPU.Build.0 = Debug|Any CPU
		{17E10477-E3A2-44D9-A5FF-5B863A7BB136}.ExportDebug|Any CPU.ActiveCfg = ExportDebug|Any CPU
		{17E10477-E3A2-44D9-A5FF-5B863A7BB136}.ExportDebug|Any CPU.Build.0 = ExportDebug|Any CPU
		{17E10477-E3A2-44D9-A5FF-5B863A7BB136}.ExportRelease|Any CPU.ActiveCfg = ExportRelease|Any CPU
		{17E10477-E3A2-44D9-A5FF-5B863A7BB136}.ExportRelease|Any CPU.Build.0 = ExportRelease|Any CPU
	EndGlobalSection
EndGlobal
